
Microsoft Visual Studio Solution File, Format Version 12.00
# Visual Studio Version 17
VisualStudioVersion = 17.0.31903.59
MinimumVisualStudioVersion = 10.0.40219.1
Project("{2150E333-8FDC-42A3-9474-1A3956D46DE8}") = "src", "src", "{E252F3B4-BE8D-42D6-A008-47AD8ED42838}"
EndProject
Project("{FAE04EC0-301F-11D3-BF4B-00C04F79EFBC}") = "HighFiberDiet", "src\HighFiberDiet\HighFiberDiet.csproj", "{19015BA0-E726-4AE4-B6B1-3F0B482A4A29}"
EndProject
Project("{2150E333-8FDC-42A3-9474-1A3956D46DE8}") = "tests", "tests", "{0701CBF7-15EB-4C91-83F4-D5CF6B85EA57}"
EndProject
Project("{FAE04EC0-301F-11D3-BF4B-00C04F79EFBC}") = "HighFiberDiet.Tests", "tests\HighFiberDiet.Tests\HighFiberDiet.Tests.csproj", "{A57CDBE9-D625-49BC-9F97-4E1CC8EB15CB}"
EndProject
Global
	GlobalSection(SolutionConfigurationPlatforms) = preSolution
		Debug|Any CPU = Debug|Any CPU
		Release|Any CPU = Release|Any CPU
	EndGlobalSection
	GlobalSection(SolutionProperties) = preSolution
		HideSolutionNode = FALSE
	EndGlobalSection
	GlobalSection(ProjectConfigurationPlatforms) = postSolution
		{19015BA0-E726-4AE4-B6B1-3F0B482A4A29}.Debug|Any CPU.ActiveCfg = Debug|Any CPU
		{19015BA0-E726-4AE4-B6B1-3F0B482A4A29}.Debug|Any CPU.Build.0 = Debug|Any CPU
		{19015BA0-E726-4AE4-B6B1-3F0B482A4A29}.Release|Any CPU.ActiveCfg = Release|Any CPU
		{19015BA0-E726-4AE4-B6B1-3F0B482A4A29}.Release|Any CPU.Build.0 = Release|Any CPU
		{A57CDBE9-D625-49BC-9F97-4E1CC8EB15CB}.Debug|Any CPU.ActiveCfg = Debug|Any CPU
		{A57CDBE9-D625-49BC-9F97-4E1CC8EB15CB}.Debug|Any CPU.Build.0 = Debug|Any CPU
		{A57CDBE9-D625-49BC-9F97-4E1CC8EB15CB}.Release|Any CPU.ActiveCfg = Release|Any CPU
		{A57CDBE9-D625-49BC-9F97-4E1CC8EB15CB}.Release|Any CPU.Build.0 = Release|Any CPU
	EndGlobalSection
	GlobalSection(NestedProjects) = preSolution
		{19015BA0-E726-4AE4-B6B1-3F0B482A4A29} = {E252F3B4-BE8D-42D6-A008-47AD8ED42838}
		{A57CDBE9-D625-49BC-9F97-4E1CC8EB15CB} = {0701CBF7-15EB-4C91-83F4-D5CF6B85EA57}
	EndGlobalSection
EndGlobal
